// !$*UTF8*$!
{
	archiveVersion = 1;
	classes = {
	};
	objectVersion = 46;
	objects = {

/* Begin PBXBuildFile section */
		AE58180E192BA4820097AB49 /* CheckMate.framework in Frameworks */ = {isa = PBXBuildFile; fileRef = AE58180D192BA4820097AB49 /* CheckMate.framework */; };
		AECF189F192A7DAD00DCBFA7 /* Foundation.framework in Frameworks */ = {isa = PBXBuildFile; fileRef = AECF189E192A7DAD00DCBFA7 /* Foundation.framework */; };
		AECF18A1192A7DAD00DCBFA7 /* CoreGraphics.framework in Frameworks */ = {isa = PBXBuildFile; fileRef = AECF18A0192A7DAD00DCBFA7 /* CoreGraphics.framework */; };
		AECF18A3192A7DAD00DCBFA7 /* UIKit.framework in Frameworks */ = {isa = PBXBuildFile; fileRef = AECF18A2192A7DAD00DCBFA7 /* UIKit.framework */; };
		AECF18A9192A7DAD00DCBFA7 /* InfoPlist.strings in Resources */ = {isa = PBXBuildFile; fileRef = AECF18A7192A7DAD00DCBFA7 /* InfoPlist.strings */; };
		AECF18AB192A7DAD00DCBFA7 /* main.m in Sources */ = {isa = PBXBuildFile; fileRef = AECF18AA192A7DAD00DCBFA7 /* main.m */; };
		AECF18AF192A7DAD00DCBFA7 /* AppDelegate.m in Sources */ = {isa = PBXBuildFile; fileRef = AECF18AE192A7DAD00DCBFA7 /* AppDelegate.m */; };
		AECF18B2192A7DAD00DCBFA7 /* Main.storyboard in Resources */ = {isa = PBXBuildFile; fileRef = AECF18B0192A7DAD00DCBFA7 /* Main.storyboard */; };
		AECF18B5192A7DAD00DCBFA7 /* ViewController.m in Sources */ = {isa = PBXBuildFile; fileRef = AECF18B4192A7DAD00DCBFA7 /* ViewController.m */; };
		AECF18B7192A7DAD00DCBFA7 /* Images.xcassets in Resources */ = {isa = PBXBuildFile; fileRef = AECF18B6192A7DAD00DCBFA7 /* Images.xcassets */; };
		AECF18BE192A7DAD00DCBFA7 /* XCTest.framework in Frameworks */ = {isa = PBXBuildFile; fileRef = AECF18BD192A7DAD00DCBFA7 /* XCTest.framework */; };
		AECF18BF192A7DAD00DCBFA7 /* Foundation.framework in Frameworks */ = {isa = PBXBuildFile; fileRef = AECF189E192A7DAD00DCBFA7 /* Foundation.framework */; };
		AECF18C0192A7DAD00DCBFA7 /* UIKit.framework in Frameworks */ = {isa = PBXBuildFile; fileRef = AECF18A2192A7DAD00DCBFA7 /* UIKit.framework */; };
		AECF18C8192A7DAD00DCBFA7 /* InfoPlist.strings in Resources */ = {isa = PBXBuildFile; fileRef = AECF18C6192A7DAD00DCBFA7 /* InfoPlist.strings */; };
		AECF18CA192A7DAD00DCBFA7 /* DeprocrastinatorTests.m in Sources */ = {isa = PBXBuildFile; fileRef = AECF18C9192A7DAD00DCBFA7 /* DeprocrastinatorTests.m */; };
/* End PBXBuildFile section */

/* Begin PBXContainerItemProxy section */
		AECF18C1192A7DAD00DCBFA7 /* PBXContainerItemProxy */ = {
			isa = PBXContainerItemProxy;
			containerPortal = AECF1893192A7DAD00DCBFA7 /* Project object */;
			proxyType = 1;
			remoteGlobalIDString = AECF189A192A7DAD00DCBFA7;
			remoteInfo = Deprocrastinator;
		};
/* End PBXContainerItemProxy section */

/* Begin PBXFileReference section */
		AE58180D192BA4820097AB49 /* CheckMate.framework */ = {isa = PBXFileReference; lastKnownFileType = wrapper.framework; name = CheckMate.framework; path = ../CheckMate.framework; sourceTree = "<group>"; };
		AECF189B192A7DAD00DCBFA7 /* Deprocrastinator.app */ = {isa = PBXFileReference; explicitFileType = wrapper.application; includeInIndex = 0; path = Deprocrastinator.app; sourceTree = BUILT_PRODUCTS_DIR; };
		AECF189E192A7DAD00DCBFA7 /* Foundation.framework */ = {isa = PBXFileReference; lastKnownFileType = wrapper.framework; name = Foundation.framework; path = System/Library/Frameworks/Foundation.framework; sourceTree = SDKROOT; };
		AECF18A0192A7DAD00DCBFA7 /* CoreGraphics.framework */ = {isa = PBXFileReference; lastKnownFileType = wrapper.framework; name = CoreGraphics.framework; path = System/Library/Frameworks/CoreGraphics.framework; sourceTree = SDKROOT; };
		AECF18A2192A7DAD00DCBFA7 /* UIKit.framework */ = {isa = PBXFileReference; lastKnownFileType = wrapper.framework; name = UIKit.framework; path = System/Library/Frameworks/UIKit.framework; sourceTree = SDKROOT; };
		AECF18A6192A7DAD00DCBFA7 /* Deprocrastinator-Info.plist */ = {isa = PBXFileReference; lastKnownFileType = text.plist.xml; path = "Deprocrastinator-Info.plist"; sourceTree = "<group>"; };
		AECF18A8192A7DAD00DCBFA7 /* en */ = {isa = PBXFileReference; lastKnownFileType = text.plist.strings; name = en; path = en.lproj/InfoPlist.strings; sourceTree = "<group>"; };
		AECF18AA192A7DAD00DCBFA7 /* main.m */ = {isa = PBXFileReference; lastKnownFileType = sourcecode.c.objc; path = main.m; sourceTree = "<group>"; };
		AECF18AC192A7DAD00DCBFA7 /* Deprocrastinator-Prefix.pch */ = {isa = PBXFileReference; lastKnownFileType = sourcecode.c.h; path = "Deprocrastinator-Prefix.pch"; sourceTree = "<group>"; };
		AECF18AD192A7DAD00DCBFA7 /* AppDelegate.h */ = {isa = PBXFileReference; lastKnownFileType = sourcecode.c.h; path = AppDelegate.h; sourceTree = "<group>"; };
		AECF18AE192A7DAD00DCBFA7 /* AppDelegate.m */ = {isa = PBXFileReference; lastKnownFileType = sourcecode.c.objc; path = AppDelegate.m; sourceTree = "<group>"; };
		AECF18B1192A7DAD00DCBFA7 /* Base */ = {isa = PBXFileReference; lastKnownFileType = file.storyboard; name = Base; path = Base.lproj/Main.storyboard; sourceTree = "<group>"; };
		AECF18B3192A7DAD00DCBFA7 /* ViewController.h */ = {isa = PBXFileReference; lastKnownFileType = sourcecode.c.h; path = ViewController.h; sourceTree = "<group>"; };
		AECF18B4192A7DAD00DCBFA7 /* ViewController.m */ = {isa = PBXFileReference; lastKnownFileType = sourcecode.c.objc; path = ViewController.m; sourceTree = "<group>"; };
		AECF18B6192A7DAD00DCBFA7 /* Images.xcassets */ = {isa = PBXFileReference; lastKnownFileType = folder.assetcatalog; path = Images.xcassets; sourceTree = "<group>"; };
		AECF18BC192A7DAD00DCBFA7 /* DeprocrastinatorTests.xctest */ = {isa = PBXFileReference; explicitFileType = wrapper.cfbundle; includeInIndex = 0; path = DeprocrastinatorTests.xctest; sourceTree = BUILT_PRODUCTS_DIR; };
		AECF18BD192A7DAD00DCBFA7 /* XCTest.framework */ = {isa = PBXFileReference; lastKnownFileType = wrapper.framework; name = XCTest.framework; path = Library/Frameworks/XCTest.framework; sourceTree = DEVELOPER_DIR; };
		AECF18C5192A7DAD00DCBFA7 /* DeprocrastinatorTests-Info.plist */ = {isa = PBXFileReference; lastKnownFileType = text.plist.xml; path = "DeprocrastinatorTests-Info.plist"; sourceTree = "<group>"; };
		AECF18C7192A7DAD00DCBFA7 /* en */ = {isa = PBXFileReference; lastKnownFileType = text.plist.strings; name = en; path = en.lproj/InfoPlist.strings; sourceTree = "<group>"; };
		AECF18C9192A7DAD00DCBFA7 /* DeprocrastinatorTests.m */ = {isa = PBXFileReference; lastKnownFileType = sourcecode.c.objc; path = DeprocrastinatorTests.m; sourceTree = "<group>"; };
/* End PBXFileReference section */

/* Begin PBXFrameworksBuildPhase section */
		AECF1898192A7DAD00DCBFA7 /* Frameworks */ = {
			isa = PBXFrameworksBuildPhase;
			buildActionMask = 2147483647;
			files = (
				AE58180E192BA4820097AB49 /* CheckMate.framework in Frameworks */,
				AECF18A1192A7DAD00DCBFA7 /* CoreGraphics.framework in Frameworks */,
				AECF18A3192A7DAD00DCBFA7 /* UIKit.framework in Frameworks */,
				AECF189F192A7DAD00DCBFA7 /* Foundation.framework in Frameworks */,
			);
			runOnlyForDeploymentPostprocessing = 0;
		};
		AECF18B9192A7DAD00DCBFA7 /* Frameworks */ = {
			isa = PBXFrameworksBuildPhase;
			buildActionMask = 2147483647;
			files = (
				AECF18BE192A7DAD00DCBFA7 /* XCTest.framework in Frameworks */,
				AECF18C0192A7DAD00DCBFA7 /* UIKit.framework in Frameworks */,
				AECF18BF192A7DAD00DCBFA7 /* Foundation.framework in Frameworks */,
			);
			runOnlyForDeploymentPostprocessing = 0;
		};
/* End PBXFrameworksBuildPhase section */

/* Begin PBXGroup section */
		AECF1892192A7DAD00DCBFA7 = {
			isa = PBXGroup;
			children = (
				AECF18A4192A7DAD00DCBFA7 /* Deprocrastinator */,
				AECF18C3192A7DAD00DCBFA7 /* DeprocrastinatorTests */,
				AECF189D192A7DAD00DCBFA7 /* Frameworks */,
				AECF189C192A7DAD00DCBFA7 /* Products */,
			);
			sourceTree = "<group>";
		};
		AECF189C192A7DAD00DCBFA7 /* Products */ = {
			isa = PBXGroup;
			children = (
				AECF189B192A7DAD00DCBFA7 /* Deprocrastinator.app */,
				AECF18BC192A7DAD00DCBFA7 /* DeprocrastinatorTests.xctest */,
			);
			name = Products;
			sourceTree = "<group>";
		};
		AECF189D192A7DAD00DCBFA7 /* Frameworks */ = {
			isa = PBXGroup;
			children = (
				AE58180D192BA4820097AB49 /* CheckMate.framework */,
				AECF189E192A7DAD00DCBFA7 /* Foundation.framework */,
				AECF18A0192A7DAD00DCBFA7 /* CoreGraphics.framework */,
				AECF18A2192A7DAD00DCBFA7 /* UIKit.framework */,
				AECF18BD192A7DAD00DCBFA7 /* XCTest.framework */,
			);
			name = Frameworks;
			sourceTree = "<group>";
		};
		AECF18A4192A7DAD00DCBFA7 /* Deprocrastinator */ = {
			isa = PBXGroup;
			children = (
				AECF18AD192A7DAD00DCBFA7 /* AppDelegate.h */,
				AECF18AE192A7DAD00DCBFA7 /* AppDelegate.m */,
				AECF18B0192A7DAD00DCBFA7 /* Main.storyboard */,
				AECF18B3192A7DAD00DCBFA7 /* ViewController.h */,
				AECF18B4192A7DAD00DCBFA7 /* ViewController.m */,
				AECF18B6192A7DAD00DCBFA7 /* Images.xcassets */,
				AECF18A5192A7DAD00DCBFA7 /* Supporting Files */,
			);
			path = Deprocrastinator;
			sourceTree = "<group>";
		};
		AECF18A5192A7DAD00DCBFA7 /* Supporting Files */ = {
			isa = PBXGroup;
			children = (
				AECF18A6192A7DAD00DCBFA7 /* Deprocrastinator-Info.plist */,
				AECF18A7192A7DAD00DCBFA7 /* InfoPlist.strings */,
				AECF18AA192A7DAD00DCBFA7 /* main.m */,
				AECF18AC192A7DAD00DCBFA7 /* Deprocrastinator-Prefix.pch */,
			);
			name = "Supporting Files";
			sourceTree = "<group>";
		};
		AECF18C3192A7DAD00DCBFA7 /* DeprocrastinatorTests */ = {
			isa = PBXGroup;
			children = (
				AECF18C9192A7DAD00DCBFA7 /* DeprocrastinatorTests.m */,
				AECF18C4192A7DAD00DCBFA7 /* Supporting Files */,
			);
			path = DeprocrastinatorTests;
			sourceTree = "<group>";
		};
		AECF18C4192A7DAD00DCBFA7 /* Supporting Files */ = {
			isa = PBXGroup;
			children = (
				AECF18C5192A7DAD00DCBFA7 /* DeprocrastinatorTests-Info.plist */,
				AECF18C6192A7DAD00DCBFA7 /* InfoPlist.strings */,
			);
			name = "Supporting Files";
			sourceTree = "<group>";
		};
/* End PBXGroup section */

/* Begin PBXNativeTarget section */
		AECF189A192A7DAD00DCBFA7 /* Deprocrastinator */ = {
			isa = PBXNativeTarget;
			buildConfigurationList = AECF18CD192A7DAD00DCBFA7 /* Build configuration list for PBXNativeTarget "Deprocrastinator" */;
			buildPhases = (
				AECF1897192A7DAD00DCBFA7 /* Sources */,
				AECF1898192A7DAD00DCBFA7 /* Frameworks */,
				AECF1899192A7DAD00DCBFA7 /* Resources */,
			);
			buildRules = (
			);
			dependencies = (
			);
			name = Deprocrastinator;
			productName = Deprocrastinator;
			productReference = AECF189B192A7DAD00DCBFA7 /* Deprocrastinator.app */;
			productType = "com.apple.product-type.application";
		};
		AECF18BB192A7DAD00DCBFA7 /* DeprocrastinatorTests */ = {
			isa = PBXNativeTarget;
			buildConfigurationList = AECF18D0192A7DAD00DCBFA7 /* Build configuration list for PBXNativeTarget "DeprocrastinatorTests" */;
			buildPhases = (
				AECF18B8192A7DAD00DCBFA7 /* Sources */,
				AECF18B9192A7DAD00DCBFA7 /* Frameworks */,
				AECF18BA192A7DAD00DCBFA7 /* Resources */,
			);
			buildRules = (
			);
			dependencies = (
				AECF18C2192A7DAD00DCBFA7 /* PBXTargetDependency */,
			);
			name = DeprocrastinatorTests;
			productName = DeprocrastinatorTests;
			productReference = AECF18BC192A7DAD00DCBFA7 /* DeprocrastinatorTests.xctest */;
			productType = "com.apple.product-type.bundle.unit-test";
		};
/* End PBXNativeTarget section */

/* Begin PBXProject section */
		AECF1893192A7DAD00DCBFA7 /* Project object */ = {
			isa = PBXProject;
			attributes = {
				LastUpgradeCheck = 0510;
				ORGANIZATIONNAME = Mathien;
				TargetAttributes = {
					AECF18BB192A7DAD00DCBFA7 = {
						TestTargetID = AECF189A192A7DAD00DCBFA7;
					};
				};
			};
			buildConfigurationList = AECF1896192A7DAD00DCBFA7 /* Build configuration list for PBXProject "Deprocrastinator" */;
			compatibilityVersion = "Xcode 3.2";
			developmentRegion = English;
			hasScannedForEncodings = 0;
			knownRegions = (
				en,
				Base,
			);
			mainGroup = AECF1892192A7DAD00DCBFA7;
			productRefGroup = AECF189C192A7DAD00DCBFA7 /* Products */;
			projectDirPath = "";
			projectRoot = "";
			targets = (
				AECF189A192A7DAD00DCBFA7 /* Deprocrastinator */,
				AECF18BB192A7DAD00DCBFA7 /* DeprocrastinatorTests */,
			);
		};
/* End PBXProject section */

/* Begin PBXResourcesBuildPhase section */
		AECF1899192A7DAD00DCBFA7 /* Resources */ = {
			isa = PBXResourcesBuildPhase;
			buildActionMask = 2147483647;
			files = (
				AECF18B7192A7DAD00DCBFA7 /* Images.xcassets in Resources */,
				AECF18A9192A7DAD00DCBFA7 /* InfoPlist.strings in Resources */,
				AECF18B2192A7DAD00DCBFA7 /* Main.storyboard in Resources */,
			);
			runOnlyForDeploymentPostprocessing = 0;
		};
		AECF18BA192A7DAD00DCBFA7 /* Resources */ = {
			isa = PBXResourcesBuildPhase;
			buildActionMask = 2147483647;
			files = (
				AECF18C8192A7DAD00DCBFA7 /* InfoPlist.strings in Resources */,
			);
			runOnlyForDeploymentPostprocessing = 0;
		};
/* End PBXResourcesBuildPhase section */

/* Begin PBXSourcesBuildPhase section */
		AECF1897192A7DAD00DCBFA7 /* Sources */ = {
			isa = PBXSourcesBuildPhase;
			buildActionMask = 2147483647;
			files = (
				AECF18B5192A7DAD00DCBFA7 /* ViewController.m in Sources */,
				AECF18AF192A7DAD00DCBFA7 /* AppDelegate.m in Sources */,
				AECF18AB192A7DAD00DCBFA7 /* main.m in Sources */,
			);
			runOnlyForDeploymentPostprocessing = 0;
		};
		AECF18B8192A7DAD00DCBFA7 /* Sources */ = {
			isa = PBXSourcesBuildPhase;
			buildActionMask = 2147483647;
			files = (
				AECF18CA192A7DAD00DCBFA7 /* DeprocrastinatorTests.m in Sources */,
			);
			runOnlyForDeploymentPostprocessing = 0;
		};
/* End PBXSourcesBuildPhase section */

/* Begin PBXTargetDependency section */
		AECF18C2192A7DAD00DCBFA7 /* PBXTargetDependency */ = {
			isa = PBXTargetDependency;
			target = AECF189A192A7DAD00DCBFA7 /* Deprocrastinator */;
			targetProxy = AECF18C1192A7DAD00DCBFA7 /* PBXContainerItemProxy */;
		};
/* End PBXTargetDependency section */

/* Begin PBXVariantGroup section */
		AECF18A7192A7DAD00DCBFA7 /* InfoPlist.strings */ = {
			isa = PBXVariantGroup;
			children = (
				AECF18A8192A7DAD00DCBFA7 /* en */,
			);
			name = InfoPlist.strings;
			sourceTree = "<group>";
		};
		AECF18B0192A7DAD00DCBFA7 /* Main.storyboard */ = {
			isa = PBXVariantGroup;
			children = (
				AECF18B1192A7DAD00DCBFA7 /* Base */,
			);
			name = Main.storyboard;
			sourceTree = "<group>";
		};
		AECF18C6192A7DAD00DCBFA7 /* InfoPlist.strings */ = {
			isa = PBXVariantGroup;
			children = (
				AECF18C7192A7DAD00DCBFA7 /* en */,
			);
			name = InfoPlist.strings;
			sourceTree = "<group>";
		};
/* End PBXVariantGroup section */

/* Begin XCBuildConfiguration section */
		AECF18CB192A7DAD00DCBFA7 /* Debug */ = {
			isa = XCBuildConfiguration;
			buildSettings = {
				ALWAYS_SEARCH_USER_PATHS = NO;
				CLANG_CXX_LANGUAGE_STANDARD = "gnu++0x";
				CLANG_CXX_LIBRARY = "libc++";
				CLANG_ENABLE_MODULES = YES;
				CLANG_ENABLE_OBJC_ARC = YES;
				CLANG_WARN_BOOL_CONVERSION = YES;
				CLANG_WARN_CONSTANT_CONVERSION = YES;
				CLANG_WARN_DIRECT_OBJC_ISA_USAGE = YES_ERROR;
				CLANG_WARN_EMPTY_BODY = YES;
				CLANG_WARN_ENUM_CONVERSION = YES;
				CLANG_WARN_INT_CONVERSION = YES;
				CLANG_WARN_OBJC_ROOT_CLASS = YES_ERROR;
				CLANG_WARN__DUPLICATE_METHOD_MATCH = YES;
				"CODE_SIGN_IDENTITY[sdk=iphoneos*]" = "iPhone Developer";
				COPY_PHASE_STRIP = NO;
				GCC_C_LANGUAGE_STANDARD = gnu99;
				GCC_DYNAMIC_NO_PIC = NO;
				GCC_OPTIMIZATION_LEVEL = 0;
				GCC_PREPROCESSOR_DEFINITIONS = (
					"DEBUG=1",
					"$(inherited)",
				);
				GCC_SYMBOLS_PRIVATE_EXTERN = NO;
				GCC_WARN_64_TO_32_BIT_CONVERSION = YES;
				GCC_WARN_ABOUT_RETURN_TYPE = YES_ERROR;
				GCC_WARN_UNDECLARED_SELECTOR = YES;
				GCC_WARN_UNINITIALIZED_AUTOS = YES_AGGRESSIVE;
				GCC_WARN_UNUSED_FUNCTION = YES;
				GCC_WARN_UNUSED_VARIABLE = YES;
				IPHONEOS_DEPLOYMENT_TARGET = 7.1;
				ONLY_ACTIVE_ARCH = YES;
				SDKROOT = iphoneos;
			};
			name = Debug;
		};
		AECF18CC192A7DAD00DCBFA7 /* Release */ = {
			isa = XCBuildConfiguration;
			buildSettings = {
				ALWAYS_SEARCH_USER_PATHS = NO;
				CLANG_CXX_LANGUAGE_STANDARD = "gnu++0x";
				CLANG_CXX_LIBRARY = "libc++";
				CLANG_ENABLE_MODULES = YES;
				CLANG_ENABLE_OBJC_ARC = YES;
				CLANG_WARN_BOOL_CONVERSION = YES;
				CLANG_WARN_CONSTANT_CONVERSION = YES;
				CLANG_WARN_DIRECT_OBJC_ISA_USAGE = YES_ERROR;
				CLANG_WARN_EMPTY_BODY = YES;
				CLANG_WARN_ENUM_CONVERSION = YES;
				CLANG_WARN_INT_CONVERSION = YES;
				CLANG_WARN_OBJC_ROOT_CLASS = YES_ERROR;
				CLANG_WARN__DUPLICATE_METHOD_MATCH = YES;
				"CODE_SIGN_IDENTITY[sdk=iphoneos*]" = "iPhone Developer";
				COPY_PHASE_STRIP = YES;
				ENABLE_NS_ASSERTIONS = NO;
				GCC_C_LANGUAGE_STANDARD = gnu99;
				GCC_WARN_64_TO_32_BIT_CONVERSION = YES;
				GCC_WARN_ABOUT_RETURN_TYPE = YES_ERROR;
				GCC_WARN_UNDECLARED_SELECTOR = YES;
				GCC_WARN_UNINITIALIZED_AUTOS = YES_AGGRESSIVE;
				GCC_WARN_UNUSED_FUNCTION = YES;
				GCC_WARN_UNUSED_VARIABLE = YES;
				IPHONEOS_DEPLOYMENT_TARGET = 7.1;
				SDKROOT = iphoneos;
				VALIDATE_PRODUCT = YES;
			};
			name = Release;
		};
		AECF18CE192A7DAD00DCBFA7 /* Debug */ = {
			isa = XCBuildConfiguration;
			buildSettings = {
				ASSETCATALOG_COMPILER_APPICON_NAME = AppIcon;
				ASSETCATALOG_COMPILER_LAUNCHIMAGE_NAME = LaunchImage;
				FRAMEWORK_SEARCH_PATHS = (
					"$(inherited)",
					/Users/teacher/Desktop/mobile,
					makers,
					/Users/teacher/Desktop/mobile,
					makers,
					/Users/teacher/Desktop/mobile,
					makers,
					/Users/teacher/Desktop/mobile,
					makers,
				);
				GCC_PRECOMPILE_PREFIX_HEADER = YES;
				GCC_PREFIX_HEADER = "Deprocrastinator/Deprocrastinator-Prefix.pch";
				INFOPLIST_FILE = "Deprocrastinator/Deprocrastinator-Info.plist";
				PRODUCT_NAME = Deprocrastinator;
				WRAPPER_EXTENSION = app;
			};
			name = Debug;
		};
		AECF18CF192A7DAD00DCBFA7 /* Release */ = {
			isa = XCBuildConfiguration;
			buildSettings = {
				ASSETCATALOG_COMPILER_APPICON_NAME = AppIcon;
				ASSETCATALOG_COMPILER_LAUNCHIMAGE_NAME = LaunchImage;
				FRAMEWORK_SEARCH_PATHS = (
					"$(inherited)",
					/Users/teacher/Desktop/mobile,
					makers,
					/Users/teacher/Desktop/mobile,
					makers,
					/Users/teacher/Desktop/mobile,
					makers,
					/Users/teacher/Desktop/mobile,
					makers,
				);
				GCC_PRECOMPILE_PREFIX_HEADER = YES;
				GCC_PREFIX_HEADER = "Deprocrastinator/Deprocrastinator-Prefix.pch";
				INFOPLIST_FILE = "Deprocrastinator/Deprocrastinator-Info.plist";
				PRODUCT_NAME = Deprocrastinator;
				WRAPPER_EXTENSION = app;
			};
			name = Release;
		};
		AECF18D1192A7DAD00DCBFA7 /* Debug */ = {
			isa = XCBuildConfiguration;
			buildSettings = {
				BUNDLE_LOADER = "$(BUILT_PRODUCTS_DIR)/Deprocrastinator.app/Deprocrastinator";
				FRAMEWORK_SEARCH_PATHS = (
					"$(SDKROOT)/Developer/Library/Frameworks",
					"$(inherited)",
					"$(DEVELOPER_FRAMEWORKS_DIR)",
				);
				GCC_PRECOMPILE_PREFIX_HEADER = YES;
				GCC_PREFIX_HEADER = "Deprocrastinator/Deprocrastinator-Prefix.pch";
				GCC_PREPROCESSOR_DEFINITIONS = (
					"DEBUG=1",
					"$(inherited)",
				);
				INFOPLIST_FILE = "DeprocrastinatorTests/DeprocrastinatorTests-Info.plist";
				PRODUCT_NAME = DeprocrastinatorTests;
				TEST_HOST = "$(BUNDLE_LOADER)";
				WRAPPER_EXTENSION = xctest;
			};
			name = Debug;
		};
		AECF18D2192A7DAD00DCBFA7 /* Release */ = {
			isa = XCBuildConfiguration;
			buildSettings = {
				BUNDLE_LOADER = "$(BUILT_PRODUCTS_DIR)/Deprocrastinator.app/Deprocrastinator";
				FRAMEWORK_SEARCH_PATHS = (
					"$(SDKROOT)/Developer/Library/Frameworks",
					"$(inherited)",
					"$(DEVELOPER_FRAMEWORKS_DIR)",
				);
				GCC_PRECOMPILE_PREFIX_HEADER = YES;
				GCC_PREFIX_HEADER = "Deprocrastinator/Deprocrastinator-Prefix.pch";
				INFOPLIST_FILE = "DeprocrastinatorTests/DeprocrastinatorTests-Info.plist";
				PRODUCT_NAME = DeprocrastinatorTests;
				TEST_HOST = "$(BUNDLE_LOADER)";
				WRAPPER_EXTENSION = xctest;
			};
			name = Release;
		};
/* End XCBuildConfiguration section */

/* Begin XCConfigurationList section */
		AECF1896192A7DAD00DCBFA7 /* Build configuration list for PBXProject "Deprocrastinator" */ = {
			isa = XCConfigurationList;
			buildConfigurations = (
				AECF18CB192A7DAD00DCBFA7 /* Debug */,
				AECF18CC192A7DAD00DCBFA7 /* Release */,
			);
			defaultConfigurationIsVisible = 0;
			defaultConfigurationName = Release;
		};
		AECF18CD192A7DAD00DCBFA7 /* Build configuration list for PBXNativeTarget "Deprocrastinator" */ = {
			isa = XCConfigurationList;
			buildConfigurations = (
				AECF18CE192A7DAD00DCBFA7 /* Debug */,
				AECF18CF192A7DAD00DCBFA7 /* Release */,
			);
			defaultConfigurationIsVisible = 0;
			defaultConfigurationName = Release;
		};
		AECF18D0192A7DAD00DCBFA7 /* Build configuration list for PBXNativeTarget "DeprocrastinatorTests" */ = {
			isa = XCConfigurationList;
			buildConfigurations = (
				AECF18D1192A7DAD00DCBFA7 /* Debug */,
				AECF18D2192A7DAD00DCBFA7 /* Release */,
			);
			defaultConfigurationIsVisible = 0;
			defaultConfigurationName = Release;
		};
/* End XCConfigurationList section */
	};
	rootObject = AECF1893192A7DAD00DCBFA7 /* Project object */;
}
